
Microsoft Visual Studio Solution File, Format Version 12.00
# Visual Studio Version 17
VisualStudioVersion = 17.9.34728.123
MinimumVisualStudioVersion = 10.0.40219.1
Project("{C9674DCB-5085-4A16-B785-4C70DD1589BD}") = "ETL_Jardineria_Paez", "ETL_Jardineria_Paez\ETL_Jardineria_Paez.dtproj", "{FB97CE06-98CF-42B5-BA97-6A33907FA749}"
EndProject
Global
	GlobalSection(SolutionConfigurationPlatforms) = preSolution
		Development|Default = Development|Default
	EndGlobalSection
	GlobalSection(ProjectConfigurationPlatforms) = postSolution
		{FB97CE06-98CF-42B5-BA97-6A33907FA749}.Development|Default.ActiveCfg = Development
		{FB97CE06-98CF-42B5-BA97-6A33907FA749}.Development|Default.Build.0 = Development
	EndGlobalSection
	GlobalSection(SolutionProperties) = preSolution
		HideSolutionNode = FALSE
	EndGlobalSection
	GlobalSection(ExtensibilityGlobals) = postSolution
		SolutionGuid = {4F74B335-E665-4E71-A38A-5331BE659FF6}
	EndGlobalSection
EndGlobal
